# THIS IS AN AUTOGENERATED FILE. DO NOT EDIT THIS FILE DIRECTLY.
# yarn lockfile v1


"@rescript/core@*":
  version "1.6.1"
  resolved "https://registry.yarnpkg.com/@rescript/core/-/core-1.6.1.tgz#159670c94d64a2b8236f46be2bf09a007b1ece08"
  integrity sha512-vyb5k90ck+65Fgui+5vCja/mUfzKaK3kOPT4Z6aAJdHLH1eljEi1zKhXroCiCtpNLSWp8k4ulh1bdB5WS0hvqA==

rescript@*:
  version "11.1.4"
  resolved "https://registry.yarnpkg.com/rescript/-/rescript-11.1.4.tgz#9a42ebc4fc5363707e39cef5b3188160b63bee42"
  integrity sha512-0bGU0bocihjSC6MsE3TMjHjY0EUpchyrREquLS8VsZ3ohSMD+VHUEwimEfB3kpBI1vYkw3UFZ3WD8R28guz/Vw==
