# THIS IS AN AUTOGENERATED FILE. DO NOT EDIT THIS FILE DIRECTLY.
# yarn lockfile v1


rescript@*:
  version "10.1.2"
  resolved "https://registry.yarnpkg.com/rescript/-/rescript-10.1.2.tgz#ed3b8c762d6e22139803c16e765356685693e38c"
  integrity sha512-PPdhOiN+lwqxQ0qvzHc1KW0TL12LDy2X+qo/JIMIP3bMfiH0vxQH2e/lXuoutWWm04fGQGTv3hWH+gKW3/UyfA==
